<?xml version="1.0" encoding="utf-8"?>
<Project ToolsVersion="4.0" xmlns="http://schemas.microsoft.com/developer/msbuild/2003">
  <ItemGroup>
    <Filter Include="Source Files">
      <UniqueIdentifier>{4FC737F1-C7A5-4376-A066-2A32D752A2FF}</UniqueIdentifier>
      <Extensions>cpp;c;cc;cxx;c++;cppm;ixx;def;odl;idl;hpj;bat;asm;asmx</Extensions>
    </Filter>
    <Filter Include="Header Files">
      <UniqueIdentifier>{93995380-89BD-4b04-88EB-625FBE52EBFB}</UniqueIdentifier>
      <Extensions>h;hh;hpp;hxx;h++;hm;inl;inc;ipp;xsd</Extensions>
    </Filter>
    <Filter Include="Resource Files">
      <UniqueIdentifier>{67DA6AB6-F800-4c08-8B7A-83BB121AAD01}</UniqueIdentifier>
      <Extensions>rc;ico;cur;bmp;dlg;rc2;rct;bin;rgs;gif;jpg;jpeg;jpe;resx;tiff;tif;png;wav;mfcribbon-ms</Extensions>
    </Filter>
    <Filter Include="Source Files\Light">
      <UniqueIdentifier>{c87279f3-bc8b-4683-8860-6dd44ef5f054}</UniqueIdentifier>
    </Filter>
    <Filter Include="Source Files\Shadow">
      <UniqueIdentifier>{37e3fb43-9a5a-41c1-baaf-3b1cd17be66c}</UniqueIdentifier>
    </Filter>
    <Filter Include="Source Files\Application">
      <UniqueIdentifier>{85df4115-be95-4ed2-a340-a4dd44a6acbb}</UniqueIdentifier>
    </Filter>
    <Filter Include="Source Files\UI">
      <UniqueIdentifier>{cebb6405-a2af-4997-be05-f98d4e03acb3}</UniqueIdentifier>
    </Filter>
    <Filter Include="Source Files\Input">
      <UniqueIdentifier>{fb35a338-7604-4757-b66b-40334cbc1b77}</UniqueIdentifier>
    </Filter>
    <Filter Include="Source Files\Window">
      <UniqueIdentifier>{19263864-c375-4dc7-af5e-b38350df45df}</UniqueIdentifier>
    </Filter>
    <Filter Include="Source Files\Primitive Factory">
      <UniqueIdentifier>{eeaa85c3-9eee-4a7b-b400-3500d00bfbda}</UniqueIdentifier>
    </Filter>
    <Filter Include="Source Files\Renderer">
      <UniqueIdentifier>{09fa601e-17c7-4112-9b0d-8f479e71a8ef}</UniqueIdentifier>
    </Filter>
    <Filter Include="Source Files\Scene">
      <UniqueIdentifier>{bf9036ec-b1a3-470c-8ee1-27be5d9c3ce0}</UniqueIdentifier>
    </Filter>
    <Filter Include="Source Files\Shader">
      <UniqueIdentifier>{24840237-9971-4ed4-9d09-fcc6328935a5}</UniqueIdentifier>
    </Filter>
    <Filter Include="Source Files\ShaderPrograms">
      <UniqueIdentifier>{eb95378c-3410-4483-b048-ec230ebc529e}</UniqueIdentifier>
    </Filter>
    <Filter Include="Source Files\Camera">
      <UniqueIdentifier>{fd534d43-2055-42e5-93b9-708d36d15a9f}</UniqueIdentifier>
    </Filter>
  </ItemGroup>
  <ItemGroup>
    <ClInclude Include="Light.h">
      <Filter>Source Files\Light</Filter>
    </ClInclude>
    <ClInclude Include="DirectionalLight.h">
      <Filter>Source Files\Light</Filter>
    </ClInclude>
    <ClInclude Include="PointLight.h">
      <Filter>Source Files\Light</Filter>
    </ClInclude>
    <ClInclude Include="SpotLight.h">
      <Filter>Source Files\Light</Filter>
    </ClInclude>
    <ClInclude Include="LightType.h">
      <Filter>Source Files\Light</Filter>
    </ClInclude>
    <ClInclude Include="LightData.h">
      <Filter>Source Files\Light</Filter>
    </ClInclude>
    <ClInclude Include="LightFactory.h">
      <Filter>Source Files\Light</Filter>
    </ClInclude>
    <ClInclude Include="LightingSystem.h">
      <Filter>Source Files\Light</Filter>
    </ClInclude>
    <ClInclude Include="Application.h">
      <Filter>Source Files\Application</Filter>
    </ClInclude>
    <ClInclude Include="ShadowSystem.h">
      <Filter>Source Files\Shadow</Filter>
    </ClInclude>
    <ClInclude Include="ShadowType.h">
      <Filter>Source Files\Shadow</Filter>
    </ClInclude>
    <ClInclude Include="Shadow.h">
      <Filter>Source Files\Shadow</Filter>
    </ClInclude>
    <ClInclude Include="NoShadow.h">
      <Filter>Source Files\Shadow</Filter>
    </ClInclude>
    <ClInclude Include="LowQualityShadow.h">
      <Filter>Source Files\Shadow</Filter>
    </ClInclude>
    <ClInclude Include="MediumQualityShadow.h">
      <Filter>Source Files\Shadow</Filter>
    </ClInclude>
    <ClInclude Include="HighQualityShadow.h">
      <Filter>Source Files\Shadow</Filter>
    </ClInclude>
    <ClInclude Include="ShadowFactory.h">
      <Filter>Source Files\Shadow</Filter>
    </ClInclude>
    <ClInclude Include="ILightObserver.h">
      <Filter>Source Files\Light</Filter>
    </ClInclude>
    <ClInclude Include="UISystem.h">
      <Filter>Source Files\UI</Filter>
    </ClInclude>
    <ClInclude Include="IWindow.h">
      <Filter>Source Files\Window</Filter>
    </ClInclude>
    <ClInclude Include="GLFWWindow.h">
      <Filter>Source Files\Window</Filter>
    </ClInclude>
    <ClInclude Include="UIPanel.h">
      <Filter>Source Files\UI</Filter>
    </ClInclude>
    <ClInclude Include="UIMenuPanel.h">
      <Filter>Source Files\UI</Filter>
    </ClInclude>
    <ClInclude Include="UIHierarchyPanel.h">
      <Filter>Source Files\UI</Filter>
    </ClInclude>
    <ClInclude Include="UIInspectorPanel.h">
      <Filter>Source Files\UI</Filter>
    </ClInclude>
    <ClInclude Include="UILatencyPanel.h">
      <Filter>Source Files\UI</Filter>
    </ClInclude>
    <ClInclude Include="PrimitiveHandle.h">
      <Filter>Source Files\Primitive Factory</Filter>
    </ClInclude>
    <ClInclude Include="Primitive.h">
      <Filter>Source Files\Primitive Factory</Filter>
    </ClInclude>
    <ClInclude Include="Renderer.h">
      <Filter>Source Files\Renderer</Filter>
    </ClInclude>
    <ClInclude Include="Mesh.h">
      <Filter>Source Files\Primitive Factory</Filter>
    </ClInclude>
    <ClInclude Include="Plane.h">
      <Filter>Source Files\Primitive Factory</Filter>
    </ClInclude>
    <ClInclude Include="PrimitiveFactory.h">
      <Filter>Source Files\Primitive Factory</Filter>
    </ClInclude>
    <ClInclude Include="Scene.h">
      <Filter>Source Files\Scene</Filter>
    </ClInclude>
    <ClInclude Include="OpenGLRenderer.h">
      <Filter>Source Files\Renderer</Filter>
    </ClInclude>
    <ClInclude Include="Shader.h">
      <Filter>Source Files\Shader</Filter>
    </ClInclude>
    <ClInclude Include="Camera.h">
      <Filter>Source Files\Camera</Filter>
    </ClInclude>
    <ClInclude Include="CameraController.h">
      <Filter>Source Files\Camera</Filter>
    </ClInclude>
    <ClInclude Include="Input.h">
      <Filter>Source Files\Input</Filter>
    </ClInclude>
  </ItemGroup>
  <ItemGroup>
    <ClCompile Include="LightFactory.cpp">
      <Filter>Source Files\Light</Filter>
    </ClCompile>
    <ClCompile Include="LightingSystem.cpp">
      <Filter>Source Files\Light</Filter>
    </ClCompile>
    <ClCompile Include="Application.cpp">
      <Filter>Source Files\Application</Filter>
    </ClCompile>
    <ClCompile Include="ShadowSystem.cpp">
      <Filter>Source Files\Shadow</Filter>
    </ClCompile>
    <ClCompile Include="ShadowFactory.cpp">
      <Filter>Source Files\Shadow</Filter>
    </ClCompile>
    <ClCompile Include="GLFWWindow.cpp">
      <Filter>Source Files\Window</Filter>
    </ClCompile>
    <ClCompile Include="main.cpp">
      <Filter>Source Files\Application</Filter>
    </ClCompile>
    <ClCompile Include="Mesh.cpp">
      <Filter>Source Files\Primitive Factory</Filter>
    </ClCompile>
    <ClCompile Include="Plane.cpp">
      <Filter>Source Files\Primitive Factory</Filter>
    </ClCompile>
    <ClCompile Include="PrimitiveFactory.cpp">
      <Filter>Source Files\Primitive Factory</Filter>
    </ClCompile>
    <ClCompile Include="Scene.cpp">
      <Filter>Source Files\Scene</Filter>
    </ClCompile>
    <ClCompile Include="OpenGLRenderer.cpp">
      <Filter>Source Files\Renderer</Filter>
    </ClCompile>
    <ClCompile Include="Shader.cpp">
      <Filter>Source Files\Shader</Filter>
    </ClCompile>
    <ClCompile Include="Camera.cpp">
      <Filter>Source Files\Camera</Filter>
    </ClCompile>
    <ClCompile Include="CameraController.cpp">
      <Filter>Source Files\Camera</Filter>
    </ClCompile>
    <ClCompile Include="Input.cpp">
      <Filter>Source Files\Input</Filter>
    </ClCompile>
  </ItemGroup>
  <ItemGroup>
    <None Include="basic.vert">
      <Filter>Source Files\ShaderPrograms</Filter>
    </None>
    <None Include="basic.frag">
      <Filter>Source Files\ShaderPrograms</Filter>
    </None>
  </ItemGroup>
</Project>