<?xml version="1.0" encoding="utf-8"?>
<Project ToolsVersion="4.0" xmlns="http://schemas.microsoft.com/developer/msbuild/2003">
  <ItemGroup>
    <Filter Include="Source Files">
      <UniqueIdentifier>{4FC737F1-C7A5-4376-A066-2A32D752A2FF}</UniqueIdentifier>
      <Extensions>cpp;c;cc;cxx;c++;cppm;ixx;def;odl;idl;hpj;bat;asm;asmx</Extensions>
    </Filter>
    <Filter Include="Header Files">
      <UniqueIdentifier>{93995380-89BD-4b04-88EB-625FBE52EBFB}</UniqueIdentifier>
      <Extensions>h;hh;hpp;hxx;h++;hm;inl;inc;ipp;xsd</Extensions>
    </Filter>
    <Filter Include="Resource Files">
      <UniqueIdentifier>{67DA6AB6-F800-4c08-8B7A-83BB121AAD01}</UniqueIdentifier>
      <Extensions>rc;ico;cur;bmp;dlg;rc2;rct;bin;rgs;gif;jpg;jpeg;jpe;resx;tiff;tif;png;wav;mfcribbon-ms</Extensions>
    </Filter>
    <Filter Include="Source Files\Light">
      <UniqueIdentifier>{c87279f3-bc8b-4683-8860-6dd44ef5f054}</UniqueIdentifier>
    </Filter>
    <Filter Include="Source Files\Shadow">
      <UniqueIdentifier>{37e3fb43-9a5a-41c1-baaf-3b1cd17be66c}</UniqueIdentifier>
    </Filter>
    <Filter Include="Source Files\Application">
      <UniqueIdentifier>{85df4115-be95-4ed2-a340-a4dd44a6acbb}</UniqueIdentifier>
    </Filter>
    <Filter Include="Source Files\UI">
      <UniqueIdentifier>{cebb6405-a2af-4997-be05-f98d4e03acb3}</UniqueIdentifier>
    </Filter>
    <Filter Include="Source Files\Input">
      <UniqueIdentifier>{fb35a338-7604-4757-b66b-40334cbc1b77}</UniqueIdentifier>
    </Filter>
    <Filter Include="Source Files\Window">
      <UniqueIdentifier>{19263864-c375-4dc7-af5e-b38350df45df}</UniqueIdentifier>
    </Filter>
    <Filter Include="Source Files\Primitive Factory">
      <UniqueIdentifier>{eeaa85c3-9eee-4a7b-b400-3500d00bfbda}</UniqueIdentifier>
    </Filter>
    <Filter Include="Source Files\Renderer">
      <UniqueIdentifier>{09fa601e-17c7-4112-9b0d-8f479e71a8ef}</UniqueIdentifier>
    </Filter>
    <Filter Include="Source Files\Scene">
      <UniqueIdentifier>{bf9036ec-b1a3-470c-8ee1-27be5d9c3ce0}</UniqueIdentifier>
    </Filter>
    <Filter Include="Source Files\Shader">
      <UniqueIdentifier>{24840237-9971-4ed4-9d09-fcc6328935a5}</UniqueIdentifier>
    </Filter>
    <Filter Include="Source Files\ShaderPrograms">
      <UniqueIdentifier>{eb95378c-3410-4483-b048-ec230ebc529e}</UniqueIdentifier>
    </Filter>
    <Filter Include="Source Files\Camera">
      <UniqueIdentifier>{fd534d43-2055-42e5-93b9-708d36d15a9f}</UniqueIdentifier>
    </Filter>
    <Filter Include="Source Files\ImguiFiles">
      <UniqueIdentifier>{d5251755-1e11-432a-bdb1-8df3470fa9d6}</UniqueIdentifier>
    </Filter>
    <Filter Include="Source Files\Frames">
      <UniqueIdentifier>{c2f51d34-fd96-4f3c-8c85-ffb80295f971}</UniqueIdentifier>
    </Filter>
    <Filter Include="Source Files\InspectorBasedModification">
      <UniqueIdentifier>{db90ebba-fae2-4f39-9d5f-9e597ea150d4}</UniqueIdentifier>
    </Filter>
    <Filter Include="Source Files\Material as Data">
      <UniqueIdentifier>{795144e1-e94d-47f1-b2c3-565200f548f9}</UniqueIdentifier>
    </Filter>
  </ItemGroup>
  <ItemGroup>
    <ClInclude Include="Application.h">
      <Filter>Source Files\Application</Filter>
    </ClInclude>
    <ClInclude Include="UISystem.h">
      <Filter>Source Files\UI</Filter>
    </ClInclude>
    <ClInclude Include="IWindow.h">
      <Filter>Source Files\Window</Filter>
    </ClInclude>
    <ClInclude Include="GLFWWindow.h">
      <Filter>Source Files\Window</Filter>
    </ClInclude>
    <ClInclude Include="UIPanel.h">
      <Filter>Source Files\UI</Filter>
    </ClInclude>
    <ClInclude Include="UIMenuPanel.h">
      <Filter>Source Files\UI</Filter>
    </ClInclude>
    <ClInclude Include="UIHierarchyPanel.h">
      <Filter>Source Files\UI</Filter>
    </ClInclude>
    <ClInclude Include="UIInspectorPanel.h">
      <Filter>Source Files\UI</Filter>
    </ClInclude>
    <ClInclude Include="UILatencyPanel.h">
      <Filter>Source Files\UI</Filter>
    </ClInclude>
    <ClInclude Include="PrimitiveHandle.h">
      <Filter>Source Files\Primitive Factory</Filter>
    </ClInclude>
    <ClInclude Include="Primitive.h">
      <Filter>Source Files\Primitive Factory</Filter>
    </ClInclude>
    <ClInclude Include="Renderer.h">
      <Filter>Source Files\Renderer</Filter>
    </ClInclude>
    <ClInclude Include="Mesh.h">
      <Filter>Source Files\Primitive Factory</Filter>
    </ClInclude>
    <ClInclude Include="Plane.h">
      <Filter>Source Files\Primitive Factory</Filter>
    </ClInclude>
    <ClInclude Include="PrimitiveFactory.h">
      <Filter>Source Files\Primitive Factory</Filter>
    </ClInclude>
    <ClInclude Include="Scene.h">
      <Filter>Source Files\Scene</Filter>
    </ClInclude>
    <ClInclude Include="OpenGLRenderer.h">
      <Filter>Source Files\Renderer</Filter>
    </ClInclude>
    <ClInclude Include="Shader.h">
      <Filter>Source Files\Shader</Filter>
    </ClInclude>
    <ClInclude Include="Camera.h">
      <Filter>Source Files\Camera</Filter>
    </ClInclude>
    <ClInclude Include="CameraController.h">
      <Filter>Source Files\Camera</Filter>
    </ClInclude>
    <ClInclude Include="Input.h">
      <Filter>Source Files\Input</Filter>
    </ClInclude>
    <ClInclude Include="EditorContext.h">
      <Filter>Source Files\UI</Filter>
    </ClInclude>
    <ClInclude Include="Sphere.h">
      <Filter>Source Files\Primitive Factory</Filter>
    </ClInclude>
    <ClInclude Include="FrameTimingHistory.h">
      <Filter>Source Files\Frames</Filter>
    </ClInclude>
    <ClInclude Include="Box.h">
      <Filter>Source Files\Primitive Factory</Filter>
    </ClInclude>
    <ClInclude Include="IInspectorEditable.h">
      <Filter>Source Files\InspectorBasedModification</Filter>
    </ClInclude>
    <ClInclude Include="PlaneInspectorAdapter.h">
      <Filter>Source Files\InspectorBasedModification</Filter>
    </ClInclude>
    <ClInclude Include="InspectorAdapterFactory.h">
      <Filter>Source Files\InspectorBasedModification</Filter>
    </ClInclude>
    <ClInclude Include="SphereInspectorAdapter.h">
      <Filter>Source Files\InspectorBasedModification</Filter>
    </ClInclude>
    <ClInclude Include="Cone.h">
      <Filter>Source Files\Primitive Factory</Filter>
    </ClInclude>
    <ClInclude Include="BoxInspectorAdapter.h">
      <Filter>Source Files\InspectorBasedModification</Filter>
    </ClInclude>
    <ClInclude Include="ConeInspectorAdapter.h">
      <Filter>Source Files\InspectorBasedModification</Filter>
    </ClInclude>
    <ClInclude Include="Material.h">
      <Filter>Source Files\Material as Data</Filter>
    </ClInclude>
    <ClInclude Include="LightHandle.h">
      <Filter>Source Files\Light</Filter>
    </ClInclude>
    <ClInclude Include="LightType.h">
      <Filter>Source Files\Light</Filter>
    </ClInclude>
    <ClInclude Include="DirectionalLight.h">
      <Filter>Source Files\Light</Filter>
    </ClInclude>
    <ClInclude Include="DirectionalLightInspectorAdapter.h">
      <Filter>Source Files\InspectorBasedModification</Filter>
    </ClInclude>
  </ItemGroup>
  <ItemGroup>
    <ClCompile Include="Application.cpp">
      <Filter>Source Files\Application</Filter>
    </ClCompile>
    <ClCompile Include="GLFWWindow.cpp">
      <Filter>Source Files\Window</Filter>
    </ClCompile>
    <ClCompile Include="main.cpp">
      <Filter>Source Files\Application</Filter>
    </ClCompile>
    <ClCompile Include="Mesh.cpp">
      <Filter>Source Files\Primitive Factory</Filter>
    </ClCompile>
    <ClCompile Include="Plane.cpp">
      <Filter>Source Files\Primitive Factory</Filter>
    </ClCompile>
    <ClCompile Include="PrimitiveFactory.cpp">
      <Filter>Source Files\Primitive Factory</Filter>
    </ClCompile>
    <ClCompile Include="Scene.cpp">
      <Filter>Source Files\Scene</Filter>
    </ClCompile>
    <ClCompile Include="OpenGLRenderer.cpp">
      <Filter>Source Files\Renderer</Filter>
    </ClCompile>
    <ClCompile Include="Shader.cpp">
      <Filter>Source Files\Shader</Filter>
    </ClCompile>
    <ClCompile Include="Camera.cpp">
      <Filter>Source Files\Camera</Filter>
    </ClCompile>
    <ClCompile Include="CameraController.cpp">
      <Filter>Source Files\Camera</Filter>
    </ClCompile>
    <ClCompile Include="Input.cpp">
      <Filter>Source Files\Input</Filter>
    </ClCompile>
    <ClCompile Include="lib\ImGui\imgui.cpp">
      <Filter>Source Files\ImguiFiles</Filter>
    </ClCompile>
    <ClCompile Include="lib\ImGui\imgui_draw.cpp">
      <Filter>Source Files\ImguiFiles</Filter>
    </ClCompile>
    <ClCompile Include="lib\ImGui\imgui_impl_glfw.cpp">
      <Filter>Source Files\ImguiFiles</Filter>
    </ClCompile>
    <ClCompile Include="lib\ImGui\imgui_impl_opengl3.cpp">
      <Filter>Source Files\ImguiFiles</Filter>
    </ClCompile>
    <ClCompile Include="lib\ImGui\imgui_tables.cpp">
      <Filter>Source Files\ImguiFiles</Filter>
    </ClCompile>
    <ClCompile Include="lib\ImGui\imgui_widgets.cpp">
      <Filter>Source Files\ImguiFiles</Filter>
    </ClCompile>
    <ClCompile Include="UISystem.cpp">
      <Filter>Source Files\UI</Filter>
    </ClCompile>
    <ClCompile Include="UIInspectorPanel.cpp">
      <Filter>Source Files\UI</Filter>
    </ClCompile>
    <ClCompile Include="EditorContext.cpp">
      <Filter>Source Files\UI</Filter>
    </ClCompile>
    <ClCompile Include="UIHierarchyPanel.cpp">
      <Filter>Source Files\UI</Filter>
    </ClCompile>
    <ClCompile Include="UIMenuPanel.cpp">
      <Filter>Source Files\UI</Filter>
    </ClCompile>
    <ClCompile Include="Sphere.cpp">
      <Filter>Source Files\Primitive Factory</Filter>
    </ClCompile>
    <ClCompile Include="UILatencyPanel.cpp">
      <Filter>Source Files\UI</Filter>
    </ClCompile>
    <ClCompile Include="FrameTimingHistory.cpp">
      <Filter>Source Files\Frames</Filter>
    </ClCompile>
    <ClCompile Include="Box.cpp">
      <Filter>Source Files\Primitive Factory</Filter>
    </ClCompile>
    <ClCompile Include="PlaneInspectorAdapter.cpp">
      <Filter>Source Files\InspectorBasedModification</Filter>
    </ClCompile>
    <ClCompile Include="InspectorAdapterFactory.cpp">
      <Filter>Source Files\InspectorBasedModification</Filter>
    </ClCompile>
    <ClCompile Include="SphereInspectorAdapter.cpp">
      <Filter>Source Files\InspectorBasedModification</Filter>
    </ClCompile>
    <ClCompile Include="Cone.cpp">
      <Filter>Source Files\Primitive Factory</Filter>
    </ClCompile>
    <ClCompile Include="BoxInspectorAdapter.cpp">
      <Filter>Source Files\InspectorBasedModification</Filter>
    </ClCompile>
    <ClCompile Include="ConeInspectorAdapter.cpp">
      <Filter>Source Files\InspectorBasedModification</Filter>
    </ClCompile>
    <ClCompile Include="Material.cpp">
      <Filter>Source Files\Material as Data</Filter>
    </ClCompile>
    <ClCompile Include="DirectionalLightInspectorAdapter.cpp">
      <Filter>Source Files\InspectorBasedModification</Filter>
    </ClCompile>
  </ItemGroup>
  <ItemGroup>
    <None Include="pbr.vert">
      <Filter>Source Files\ShaderPrograms</Filter>
    </None>
    <None Include="pbr.frag">
      <Filter>Source Files\ShaderPrograms</Filter>
    </None>
    <None Include="pbr1.vert">
      <Filter>Source Files\ShaderPrograms</Filter>
    </None>
    <None Include="pbr2.frag">
      <Filter>Source Files\ShaderPrograms</Filter>
    </None>
  </ItemGroup>
</Project>